
Microsoft Visual Studio Solution File, Format Version 12.00
# Visual Studio Version 17
VisualStudioVersion = 17.5.33516.290
MinimumVisualStudioVersion = 10.0.40219.1
Project("{8BC9CEB8-8B4A-11D0-8D11-00A0C91BC942}") = "PG7-2", "PG7-2.vcxproj", "{1DD646CF-1BCE-4978-8B8B-6A55A03412BD}"
EndProject
Global
	GlobalSection(SolutionConfigurationPlatforms) = preSolution
		Debug|x64 = Debug|x64
		Debug|x86 = Debug|x86
		Release|x64 = Release|x64
		Release|x86 = Release|x86
	EndGlobalSection
	GlobalSection(ProjectConfigurationPlatforms) = postSolution
		{1DD646CF-1BCE-4978-8B8B-6A55A03412BD}.Debug|x64.ActiveCfg = Debug|x64
		{1DD646CF-1BCE-4978-8B8B-6A55A03412BD}.Debug|x64.Build.0 = Debug|x64
		{1DD646CF-1BCE-4978-8B8B-6A55A03412BD}.Debug|x86.ActiveCfg = Debug|Win32
		{1DD646CF-1BCE-4978-8B8B-6A55A03412BD}.Debug|x86.Build.0 = Debug|Win32
		{1DD646CF-1BCE-4978-8B8B-6A55A03412BD}.Release|x64.ActiveCfg = Release|x64
		{1DD646CF-1BCE-4978-8B8B-6A55A03412BD}.Release|x64.Build.0 = Release|x64
		{1DD646CF-1BCE-4978-8B8B-6A55A03412BD}.Release|x86.ActiveCfg = Release|Win32
		{1DD646CF-1BCE-4978-8B8B-6A55A03412BD}.Release|x86.Build.0 = Release|Win32
	EndGlobalSection
	GlobalSection(SolutionProperties) = preSolution
		HideSolutionNode = FALSE
	EndGlobalSection
	GlobalSection(ExtensibilityGlobals) = postSolution
		SolutionGuid = {C869DB50-8FD6-42AA-B9AE-39D9AAA00E1E}
	EndGlobalSection
EndGlobal
