
Microsoft Visual Studio Solution File, Format Version 12.00
# Visual Studio Version 17
VisualStudioVersion = 17.5.33516.290
MinimumVisualStudioVersion = 10.0.40219.1
Project("{8BC9CEB8-8B4A-11D0-8D11-00A0C91BC942}") = "MT3-2-4_2", "MT3-2-4_2.vcxproj", "{0CCF0323-AEEF-49EE-BC82-E281B67024EC}"
EndProject
Global
	GlobalSection(SolutionConfigurationPlatforms) = preSolution
		Debug|x64 = Debug|x64
		Release|x64 = Release|x64
	EndGlobalSection
	GlobalSection(ProjectConfigurationPlatforms) = postSolution
		{0CCF0323-AEEF-49EE-BC82-E281B67024EC}.Debug|x64.ActiveCfg = Debug|x64
		{0CCF0323-AEEF-49EE-BC82-E281B67024EC}.Debug|x64.Build.0 = Debug|x64
		{0CCF0323-AEEF-49EE-BC82-E281B67024EC}.Release|x64.ActiveCfg = Release|x64
		{0CCF0323-AEEF-49EE-BC82-E281B67024EC}.Release|x64.Build.0 = Release|x64
	EndGlobalSection
	GlobalSection(SolutionProperties) = preSolution
		HideSolutionNode = FALSE
	EndGlobalSection
	GlobalSection(ExtensibilityGlobals) = postSolution
		SolutionGuid = {73D39831-6A58-4DA5-8C3E-395800B52C64}
	EndGlobalSection
EndGlobal
