
Microsoft Visual Studio Solution File, Format Version 12.00
# Visual Studio Version 17
VisualStudioVersion = 17.5.33516.290
MinimumVisualStudioVersion = 10.0.40219.1
Project("{8BC9CEB8-8B4A-11D0-8D11-00A0C91BC942}") = "夏休み課題", "夏休み課題.vcxproj", "{0C6F3D3A-736F-4569-8ABF-FCA235B2BACD}"
EndProject
Global
	GlobalSection(SolutionConfigurationPlatforms) = preSolution
		Debug|x64 = Debug|x64
		Release|x64 = Release|x64
	EndGlobalSection
	GlobalSection(ProjectConfigurationPlatforms) = postSolution
		{0C6F3D3A-736F-4569-8ABF-FCA235B2BACD}.Debug|x64.ActiveCfg = Debug|x64
		{0C6F3D3A-736F-4569-8ABF-FCA235B2BACD}.Debug|x64.Build.0 = Debug|x64
		{0C6F3D3A-736F-4569-8ABF-FCA235B2BACD}.Release|x64.ActiveCfg = Release|x64
		{0C6F3D3A-736F-4569-8ABF-FCA235B2BACD}.Release|x64.Build.0 = Release|x64
	EndGlobalSection
	GlobalSection(SolutionProperties) = preSolution
		HideSolutionNode = FALSE
	EndGlobalSection
	GlobalSection(ExtensibilityGlobals) = postSolution
		SolutionGuid = {06597EAB-2785-4ADE-B355-704891549A29}
	EndGlobalSection
EndGlobal
