
Microsoft Visual Studio Solution File, Format Version 12.00
# Visual Studio Version 17
VisualStudioVersion = 17.5.33516.290
MinimumVisualStudioVersion = 10.0.40219.1
Project("{8BC9CEB8-8B4A-11D0-8D11-00A0C91BC942}") = "AL5-1", "AL5-1.vcxproj", "{E98228FE-5F5F-42FF-AFB8-6F22FFA5381E}"
EndProject
Global
	GlobalSection(SolutionConfigurationPlatforms) = preSolution
		Debug|x64 = Debug|x64
		Release|x64 = Release|x64
	EndGlobalSection
	GlobalSection(ProjectConfigurationPlatforms) = postSolution
		{E98228FE-5F5F-42FF-AFB8-6F22FFA5381E}.Debug|x64.ActiveCfg = Debug|x64
		{E98228FE-5F5F-42FF-AFB8-6F22FFA5381E}.Debug|x64.Build.0 = Debug|x64
		{E98228FE-5F5F-42FF-AFB8-6F22FFA5381E}.Release|x64.ActiveCfg = Release|x64
		{E98228FE-5F5F-42FF-AFB8-6F22FFA5381E}.Release|x64.Build.0 = Release|x64
	EndGlobalSection
	GlobalSection(SolutionProperties) = preSolution
		HideSolutionNode = FALSE
	EndGlobalSection
	GlobalSection(ExtensibilityGlobals) = postSolution
		SolutionGuid = {AF4A2C51-7BC2-4A4F-BE2E-6F1CE92E1615}
	EndGlobalSection
EndGlobal
