
Microsoft Visual Studio Solution File, Format Version 12.00
# Visual Studio Version 17
VisualStudioVersion = 17.5.33516.290
MinimumVisualStudioVersion = 10.0.40219.1
Project("{8BC9CEB8-8B4A-11D0-8D11-00A0C91BC942}") = "MT9-1", "MT9-1.vcxproj", "{483F9CE1-102B-4F34-A097-6FEEAC6BEE09}"
EndProject
Global
	GlobalSection(SolutionConfigurationPlatforms) = preSolution
		Debug|x64 = Debug|x64
		Release|x64 = Release|x64
	EndGlobalSection
	GlobalSection(ProjectConfigurationPlatforms) = postSolution
		{483F9CE1-102B-4F34-A097-6FEEAC6BEE09}.Debug|x64.ActiveCfg = Debug|x64
		{483F9CE1-102B-4F34-A097-6FEEAC6BEE09}.Debug|x64.Build.0 = Debug|x64
		{483F9CE1-102B-4F34-A097-6FEEAC6BEE09}.Release|x64.ActiveCfg = Release|x64
		{483F9CE1-102B-4F34-A097-6FEEAC6BEE09}.Release|x64.Build.0 = Release|x64
	EndGlobalSection
	GlobalSection(SolutionProperties) = preSolution
		HideSolutionNode = FALSE
	EndGlobalSection
	GlobalSection(ExtensibilityGlobals) = postSolution
		SolutionGuid = {E72B7877-74C8-4BB3-888A-BE7CB8C32228}
	EndGlobalSection
EndGlobal
