
Microsoft Visual Studio Solution File, Format Version 12.00
# Visual Studio Version 17
VisualStudioVersion = 17.5.33516.290
MinimumVisualStudioVersion = 10.0.40219.1
Project("{8BC9CEB8-8B4A-11D0-8D11-00A0C91BC942}") = "MT10-1", "MT10-1.vcxproj", "{7219DAC9-7DAD-4E5B-82F3-1F7BC4BC3048}"
EndProject
Global
	GlobalSection(SolutionConfigurationPlatforms) = preSolution
		Debug|x64 = Debug|x64
		Release|x64 = Release|x64
	EndGlobalSection
	GlobalSection(ProjectConfigurationPlatforms) = postSolution
		{7219DAC9-7DAD-4E5B-82F3-1F7BC4BC3048}.Debug|x64.ActiveCfg = Debug|x64
		{7219DAC9-7DAD-4E5B-82F3-1F7BC4BC3048}.Debug|x64.Build.0 = Debug|x64
		{7219DAC9-7DAD-4E5B-82F3-1F7BC4BC3048}.Release|x64.ActiveCfg = Release|x64
		{7219DAC9-7DAD-4E5B-82F3-1F7BC4BC3048}.Release|x64.Build.0 = Release|x64
	EndGlobalSection
	GlobalSection(SolutionProperties) = preSolution
		HideSolutionNode = FALSE
	EndGlobalSection
	GlobalSection(ExtensibilityGlobals) = postSolution
		SolutionGuid = {47A908A0-3BE2-4059-8736-03A7A352FA32}
	EndGlobalSection
EndGlobal
